
Microsoft Visual Studio Solution File, Format Version 12.00
# Visual Studio Version 17
VisualStudioVersion = 17.13.35931.197
MinimumVisualStudioVersion = 10.0.40219.1
Project("{FAE04EC0-301F-11D3-BF4B-00C04F79EFBC}") = "Cleansia.Web.Partner", "Cleansia.Web\Cleansia.Web.Partner.csproj", "{652A23CF-F5FA-4034-8C18-B08C9C037954}"
EndProject
Project("{2150E333-8FDC-42A3-9474-1A3956D46DE8}") = "01 Solution Items", "01 Solution Items", "{02EA681E-C7D8-13C7-8484-4AC65E1B71E8}"
	ProjectSection(SolutionItems) = preProject
		..\README.md = ..\README.md
	EndProjectSection
EndProject
Project("{2150E333-8FDC-42A3-9474-1A3956D46DE8}") = "02 Configuration", "02 Configuration", "{3BF98BA7-A574-4A68-8114-A7C1C1B5D896}"
EndProject
Project("{2150E333-8FDC-42A3-9474-1A3956D46DE8}") = "03 Infrastructure", "03 Infrastructure", "{E49BD248-77BE-4B0A-99F0-699ADF52E7F0}"
EndProject
Project("{2150E333-8FDC-42A3-9474-1A3956D46DE8}") = "04 Core", "04 Core", "{875E7669-7A21-41B3-810D-60C9C6FF09CC}"
EndProject
Project("{2150E333-8FDC-42A3-9474-1A3956D46DE8}") = "05 Web", "05 Web", "{17ECD97A-E21B-4C6F-B9C9-8C82495EF2EB}"
EndProject
Project("{2150E333-8FDC-42A3-9474-1A3956D46DE8}") = "99 Test", "99 Test", "{4A5C9B22-8596-45F2-B824-04C1E6B15295}"
EndProject
Project("{FAE04EC0-301F-11D3-BF4B-00C04F79EFBC}") = "Cleansia.Config", "Cleansia.Config\Cleansia.Config.csproj", "{34F3122A-35AB-4FB5-A092-53CA51146DED}"
EndProject
Project("{FAE04EC0-301F-11D3-BF4B-00C04F79EFBC}") = "Cleansia.Infra.Common", "Cleansia.Infra.Common\Cleansia.Infra.Common.csproj", "{F9683180-9158-4F21-8747-3861EC1704BE}"
EndProject
Project("{FAE04EC0-301F-11D3-BF4B-00C04F79EFBC}") = "Cleansia.Infra.Database", "Cleansia.Infra.Database\Cleansia.Infra.Database.csproj", "{47DC023D-9BDF-4610-9499-0B138A403EB1}"
EndProject
Project("{FAE04EC0-301F-11D3-BF4B-00C04F79EFBC}") = "Cleansia.Infra.Scripts", "Cleansia.Infra.Scripts\Cleansia.Infra.Scripts.csproj", "{69249740-C485-406A-B0EA-EA2223B20441}"
EndProject
Project("{FAE04EC0-301F-11D3-BF4B-00C04F79EFBC}") = "Cleansia.Core.AppServices", "Cleansia.Core.AppServices\Cleansia.Core.AppServices.csproj", "{1ED7360A-AA6A-4275-B07C-968FE7C0E4AF}"
EndProject
Project("{FAE04EC0-301F-11D3-BF4B-00C04F79EFBC}") = "Cleansia.Core.Domain", "Cleansia.Core.Domain\Cleansia.Core.Domain.csproj", "{4603DC64-36F7-422C-B388-D010C10CAC00}"
EndProject
Project("{FAE04EC0-301F-11D3-BF4B-00C04F79EFBC}") = "Cleansia.IntegrationTests", "Cleansia.IntegrationTests\Cleansia.IntegrationTests.csproj", "{345CCA63-9F1B-4E08-AAA6-A5BCC5A2F447}"
EndProject
Project("{FAE04EC0-301F-11D3-BF4B-00C04F79EFBC}") = "Cleansia.Tests", "Cleansia.Tests\Cleansia.Tests.csproj", "{BF0F2196-E050-49C2-8AF3-04958455E6D9}"
EndProject
Project("{FAE04EC0-301F-11D3-BF4B-00C04F79EFBC}") = "Cleansia.TestUtilities", "Cleansia.TestUtilities\Cleansia.TestUtilities.csproj", "{D6CFD82F-DF17-41C2-B9C8-0DDB1FA84E6B}"
EndProject
Project("{FAE04EC0-301F-11D3-BF4B-00C04F79EFBC}") = "Cleansia.Core.Clients.Abstractions", "Cleansia.Core.Clients.Abstractions\Cleansia.Core.Clients.Abstractions.csproj", "{F74081FF-D4C3-453D-88A3-962AF69DFBE1}"
EndProject
Project("{FAE04EC0-301F-11D3-BF4B-00C04F79EFBC}") = "Cleansia.Infra.Clients", "Cleansia.Infra.Clients\Cleansia.Infra.Clients.csproj", "{13157108-C835-45DC-A4BB-7CFCA81B06B5}"
EndProject
Project("{FAE04EC0-301F-11D3-BF4B-00C04F79EFBC}") = "Cleansia.Core.Blobs.Abstractions", "Cleansia.Core.Blobs.Abstractions\Cleansia.Core.Blobs.Abstractions.csproj", "{B18B51A4-D59A-4DD2-8622-FBDC12831851}"
EndProject
Project("{FAE04EC0-301F-11D3-BF4B-00C04F79EFBC}") = "Cleansia.Infra.Azure.Storage.Blobs", "Cleansia.Infra.Azure.Storage.Blobs\Cleansia.Infra.Azure.Storage.Blobs.csproj", "{3A93D3FC-3BEC-4193-B54E-231DF0FADB50}"
EndProject
Project("{FAE04EC0-301F-11D3-BF4B-00C04F79EFBC}") = "Cleansia.Infra.Services", "Cleansia.Infra.Services\Cleansia.Infra.Services.csproj", "{5FE3A6F5-C831-4EDB-A584-CA583C8F03BE}"
EndProject
Project("{FAE04EC0-301F-11D3-BF4B-00C04F79EFBC}") = "Cleansia.Web.Admin", "Cleansia.Web.Admin\Cleansia.Web.Admin.csproj", "{F0F431CB-0EA4-406C-A511-D69FCEC971DD}"
EndProject
Project("{FAE04EC0-301F-11D3-BF4B-00C04F79EFBC}") = "Cleansia.Web.Mobile", "Cleansia.Web.Mobile\Cleansia.Web.Mobile.csproj", "{91DA5D11-C7B1-4E0A-A713-17D67E75919B}"
EndProject
Project("{FAE04EC0-301F-11D3-BF4B-00C04F79EFBC}") = "Cleansia.AppHost", "Cleansia.AppHost\Cleansia.AppHost.csproj", "{686B5D6E-5478-4196-921E-CDF81D8BB82F}"
EndProject
Project("{2150E333-8FDC-42A3-9474-1A3956D46DE8}") = "Cleansia.Web", "Cleansia.Web", "{6443FE22-023F-0EB7-1BBB-0F71C24D5304}"
EndProject
Project("{FAE04EC0-301F-11D3-BF4B-00C04F79EFBC}") = "Cleansia.ServiceDefaults", "Cleansia.ServiceDefaults\Cleansia.ServiceDefaults.csproj", "{77EB4549-8948-48E6-85A4-62E85B5CFA80}"
EndProject
Global
	GlobalSection(SolutionConfigurationPlatforms) = preSolution
		Debug|Any CPU = Debug|Any CPU
		Debug|x64 = Debug|x64
		Debug|x86 = Debug|x86
		Release|Any CPU = Release|Any CPU
		Release|x64 = Release|x64
		Release|x86 = Release|x86
	EndGlobalSection
	GlobalSection(ProjectConfigurationPlatforms) = postSolution
		{652A23CF-F5FA-4034-8C18-B08C9C037954}.Debug|Any CPU.ActiveCfg = Debug|Any CPU
		{652A23CF-F5FA-4034-8C18-B08C9C037954}.Debug|Any CPU.Build.0 = Debug|Any CPU
		{652A23CF-F5FA-4034-8C18-B08C9C037954}.Debug|x64.ActiveCfg = Debug|Any CPU
		{652A23CF-F5FA-4034-8C18-B08C9C037954}.Debug|x64.Build.0 = Debug|Any CPU
		{652A23CF-F5FA-4034-8C18-B08C9C037954}.Debug|x86.ActiveCfg = Debug|Any CPU
		{652A23CF-F5FA-4034-8C18-B08C9C037954}.Debug|x86.Build.0 = Debug|Any CPU
		{652A23CF-F5FA-4034-8C18-B08C9C037954}.Release|Any CPU.ActiveCfg = Release|Any CPU
		{652A23CF-F5FA-4034-8C18-B08C9C037954}.Release|Any CPU.Build.0 = Release|Any CPU
		{652A23CF-F5FA-4034-8C18-B08C9C037954}.Release|x64.ActiveCfg = Release|Any CPU
		{652A23CF-F5FA-4034-8C18-B08C9C037954}.Release|x64.Build.0 = Release|Any CPU
		{652A23CF-F5FA-4034-8C18-B08C9C037954}.Release|x86.ActiveCfg = Release|Any CPU
		{652A23CF-F5FA-4034-8C18-B08C9C037954}.Release|x86.Build.0 = Release|Any CPU
		{34F3122A-35AB-4FB5-A092-53CA51146DED}.Debug|Any CPU.ActiveCfg = Debug|Any CPU
		{34F3122A-35AB-4FB5-A092-53CA51146DED}.Debug|Any CPU.Build.0 = Debug|Any CPU
		{34F3122A-35AB-4FB5-A092-53CA51146DED}.Debug|x64.ActiveCfg = Debug|Any CPU
		{34F3122A-35AB-4FB5-A092-53CA51146DED}.Debug|x64.Build.0 = Debug|Any CPU
		{34F3122A-35AB-4FB5-A092-53CA51146DED}.Debug|x86.ActiveCfg = Debug|Any CPU
		{34F3122A-35AB-4FB5-A092-53CA51146DED}.Debug|x86.Build.0 = Debug|Any CPU
		{34F3122A-35AB-4FB5-A092-53CA51146DED}.Release|Any CPU.ActiveCfg = Release|Any CPU
		{34F3122A-35AB-4FB5-A092-53CA51146DED}.Release|Any CPU.Build.0 = Release|Any CPU
		{34F3122A-35AB-4FB5-A092-53CA51146DED}.Release|x64.ActiveCfg = Release|Any CPU
		{34F3122A-35AB-4FB5-A092-53CA51146DED}.Release|x64.Build.0 = Release|Any CPU
		{34F3122A-35AB-4FB5-A092-53CA51146DED}.Release|x86.ActiveCfg = Release|Any CPU
		{34F3122A-35AB-4FB5-A092-53CA51146DED}.Release|x86.Build.0 = Release|Any CPU
		{F9683180-9158-4F21-8747-3861EC1704BE}.Debug|Any CPU.ActiveCfg = Debug|Any CPU
		{F9683180-9158-4F21-8747-3861EC1704BE}.Debug|Any CPU.Build.0 = Debug|Any CPU
		{F9683180-9158-4F21-8747-3861EC1704BE}.Debug|x64.ActiveCfg = Debug|Any CPU
		{F9683180-9158-4F21-8747-3861EC1704BE}.Debug|x64.Build.0 = Debug|Any CPU
		{F9683180-9158-4F21-8747-3861EC1704BE}.Debug|x86.ActiveCfg = Debug|Any CPU
		{F9683180-9158-4F21-8747-3861EC1704BE}.Debug|x86.Build.0 = Debug|Any CPU
		{F9683180-9158-4F21-8747-3861EC1704BE}.Release|Any CPU.ActiveCfg = Release|Any CPU
		{F9683180-9158-4F21-8747-3861EC1704BE}.Release|Any CPU.Build.0 = Release|Any CPU
		{F9683180-9158-4F21-8747-3861EC1704BE}.Release|x64.ActiveCfg = Release|Any CPU
		{F9683180-9158-4F21-8747-3861EC1704BE}.Release|x64.Build.0 = Release|Any CPU
		{F9683180-9158-4F21-8747-3861EC1704BE}.Release|x86.ActiveCfg = Release|Any CPU
		{F9683180-9158-4F21-8747-3861EC1704BE}.Release|x86.Build.0 = Release|Any CPU
		{47DC023D-9BDF-4610-9499-0B138A403EB1}.Debug|Any CPU.ActiveCfg = Debug|Any CPU
		{47DC023D-9BDF-4610-9499-0B138A403EB1}.Debug|Any CPU.Build.0 = Debug|Any CPU
		{47DC023D-9BDF-4610-9499-0B138A403EB1}.Debug|x64.ActiveCfg = Debug|Any CPU
		{47DC023D-9BDF-4610-9499-0B138A403EB1}.Debug|x64.Build.0 = Debug|Any CPU
		{47DC023D-9BDF-4610-9499-0B138A403EB1}.Debug|x86.ActiveCfg = Debug|Any CPU
		{47DC023D-9BDF-4610-9499-0B138A403EB1}.Debug|x86.Build.0 = Debug|Any CPU
		{47DC023D-9BDF-4610-9499-0B138A403EB1}.Release|Any CPU.ActiveCfg = Release|Any CPU
		{47DC023D-9BDF-4610-9499-0B138A403EB1}.Release|Any CPU.Build.0 = Release|Any CPU
		{47DC023D-9BDF-4610-9499-0B138A403EB1}.Release|x64.ActiveCfg = Release|Any CPU
		{47DC023D-9BDF-4610-9499-0B138A403EB1}.Release|x64.Build.0 = Release|Any CPU
		{47DC023D-9BDF-4610-9499-0B138A403EB1}.Release|x86.ActiveCfg = Release|Any CPU
		{47DC023D-9BDF-4610-9499-0B138A403EB1}.Release|x86.Build.0 = Release|Any CPU
		{69249740-C485-406A-B0EA-EA2223B20441}.Debug|Any CPU.ActiveCfg = Debug|Any CPU
		{69249740-C485-406A-B0EA-EA2223B20441}.Debug|Any CPU.Build.0 = Debug|Any CPU
		{69249740-C485-406A-B0EA-EA2223B20441}.Debug|x64.ActiveCfg = Debug|Any CPU
		{69249740-C485-406A-B0EA-EA2223B20441}.Debug|x64.Build.0 = Debug|Any CPU
		{69249740-C485-406A-B0EA-EA2223B20441}.Debug|x86.ActiveCfg = Debug|Any CPU
		{69249740-C485-406A-B0EA-EA2223B20441}.Debug|x86.Build.0 = Debug|Any CPU
		{69249740-C485-406A-B0EA-EA2223B20441}.Release|Any CPU.ActiveCfg = Release|Any CPU
		{69249740-C485-406A-B0EA-EA2223B20441}.Release|Any CPU.Build.0 = Release|Any CPU
		{69249740-C485-406A-B0EA-EA2223B20441}.Release|x64.ActiveCfg = Release|Any CPU
		{69249740-C485-406A-B0EA-EA2223B20441}.Release|x64.Build.0 = Release|Any CPU
		{69249740-C485-406A-B0EA-EA2223B20441}.Release|x86.ActiveCfg = Release|Any CPU
		{69249740-C485-406A-B0EA-EA2223B20441}.Release|x86.Build.0 = Release|Any CPU
		{1ED7360A-AA6A-4275-B07C-968FE7C0E4AF}.Debug|Any CPU.ActiveCfg = Debug|Any CPU
		{1ED7360A-AA6A-4275-B07C-968FE7C0E4AF}.Debug|Any CPU.Build.0 = Debug|Any CPU
		{1ED7360A-AA6A-4275-B07C-968FE7C0E4AF}.Debug|x64.ActiveCfg = Debug|Any CPU
		{1ED7360A-AA6A-4275-B07C-968FE7C0E4AF}.Debug|x64.Build.0 = Debug|Any CPU
		{1ED7360A-AA6A-4275-B07C-968FE7C0E4AF}.Debug|x86.ActiveCfg = Debug|Any CPU
		{1ED7360A-AA6A-4275-B07C-968FE7C0E4AF}.Debug|x86.Build.0 = Debug|Any CPU
		{1ED7360A-AA6A-4275-B07C-968FE7C0E4AF}.Release|Any CPU.ActiveCfg = Release|Any CPU
		{1ED7360A-AA6A-4275-B07C-968FE7C0E4AF}.Release|Any CPU.Build.0 = Release|Any CPU
		{1ED7360A-AA6A-4275-B07C-968FE7C0E4AF}.Release|x64.ActiveCfg = Release|Any CPU
		{1ED7360A-AA6A-4275-B07C-968FE7C0E4AF}.Release|x64.Build.0 = Release|Any CPU
		{1ED7360A-AA6A-4275-B07C-968FE7C0E4AF}.Release|x86.ActiveCfg = Release|Any CPU
		{1ED7360A-AA6A-4275-B07C-968FE7C0E4AF}.Release|x86.Build.0 = Release|Any CPU
		{4603DC64-36F7-422C-B388-D010C10CAC00}.Debug|Any CPU.ActiveCfg = Debug|Any CPU
		{4603DC64-36F7-422C-B388-D010C10CAC00}.Debug|Any CPU.Build.0 = Debug|Any CPU
		{4603DC64-36F7-422C-B388-D010C10CAC00}.Debug|x64.ActiveCfg = Debug|Any CPU
		{4603DC64-36F7-422C-B388-D010C10CAC00}.Debug|x64.Build.0 = Debug|Any CPU
		{4603DC64-36F7-422C-B388-D010C10CAC00}.Debug|x86.ActiveCfg = Debug|Any CPU
		{4603DC64-36F7-422C-B388-D010C10CAC00}.Debug|x86.Build.0 = Debug|Any CPU
		{4603DC64-36F7-422C-B388-D010C10CAC00}.Release|Any CPU.ActiveCfg = Release|Any CPU
		{4603DC64-36F7-422C-B388-D010C10CAC00}.Release|Any CPU.Build.0 = Release|Any CPU
		{4603DC64-36F7-422C-B388-D010C10CAC00}.Release|x64.ActiveCfg = Release|Any CPU
		{4603DC64-36F7-422C-B388-D010C10CAC00}.Release|x64.Build.0 = Release|Any CPU
		{4603DC64-36F7-422C-B388-D010C10CAC00}.Release|x86.ActiveCfg = Release|Any CPU
		{4603DC64-36F7-422C-B388-D010C10CAC00}.Release|x86.Build.0 = Release|Any CPU
		{345CCA63-9F1B-4E08-AAA6-A5BCC5A2F447}.Debug|Any CPU.ActiveCfg = Debug|Any CPU
		{345CCA63-9F1B-4E08-AAA6-A5BCC5A2F447}.Debug|Any CPU.Build.0 = Debug|Any CPU
		{345CCA63-9F1B-4E08-AAA6-A5BCC5A2F447}.Debug|x64.ActiveCfg = Debug|Any CPU
		{345CCA63-9F1B-4E08-AAA6-A5BCC5A2F447}.Debug|x64.Build.0 = Debug|Any CPU
		{345CCA63-9F1B-4E08-AAA6-A5BCC5A2F447}.Debug|x86.ActiveCfg = Debug|Any CPU
		{345CCA63-9F1B-4E08-AAA6-A5BCC5A2F447}.Debug|x86.Build.0 = Debug|Any CPU
		{345CCA63-9F1B-4E08-AAA6-A5BCC5A2F447}.Release|Any CPU.ActiveCfg = Release|Any CPU
		{345CCA63-9F1B-4E08-AAA6-A5BCC5A2F447}.Release|Any CPU.Build.0 = Release|Any CPU
		{345CCA63-9F1B-4E08-AAA6-A5BCC5A2F447}.Release|x64.ActiveCfg = Release|Any CPU
		{345CCA63-9F1B-4E08-AAA6-A5BCC5A2F447}.Release|x64.Build.0 = Release|Any CPU
		{345CCA63-9F1B-4E08-AAA6-A5BCC5A2F447}.Release|x86.ActiveCfg = Release|Any CPU
		{345CCA63-9F1B-4E08-AAA6-A5BCC5A2F447}.Release|x86.Build.0 = Release|Any CPU
		{BF0F2196-E050-49C2-8AF3-04958455E6D9}.Debug|Any CPU.ActiveCfg = Debug|Any CPU
		{BF0F2196-E050-49C2-8AF3-04958455E6D9}.Debug|Any CPU.Build.0 = Debug|Any CPU
		{BF0F2196-E050-49C2-8AF3-04958455E6D9}.Debug|x64.ActiveCfg = Debug|Any CPU
		{BF0F2196-E050-49C2-8AF3-04958455E6D9}.Debug|x64.Build.0 = Debug|Any CPU
		{BF0F2196-E050-49C2-8AF3-04958455E6D9}.Debug|x86.ActiveCfg = Debug|Any CPU
		{BF0F2196-E050-49C2-8AF3-04958455E6D9}.Debug|x86.Build.0 = Debug|Any CPU
		{BF0F2196-E050-49C2-8AF3-04958455E6D9}.Release|Any CPU.ActiveCfg = Release|Any CPU
		{BF0F2196-E050-49C2-8AF3-04958455E6D9}.Release|Any CPU.Build.0 = Release|Any CPU
		{BF0F2196-E050-49C2-8AF3-04958455E6D9}.Release|x64.ActiveCfg = Release|Any CPU
		{BF0F2196-E050-49C2-8AF3-04958455E6D9}.Release|x64.Build.0 = Release|Any CPU
		{BF0F2196-E050-49C2-8AF3-04958455E6D9}.Release|x86.ActiveCfg = Release|Any CPU
		{BF0F2196-E050-49C2-8AF3-04958455E6D9}.Release|x86.Build.0 = Release|Any CPU
		{D6CFD82F-DF17-41C2-B9C8-0DDB1FA84E6B}.Debug|Any CPU.ActiveCfg = Debug|Any CPU
		{D6CFD82F-DF17-41C2-B9C8-0DDB1FA84E6B}.Debug|Any CPU.Build.0 = Debug|Any CPU
		{D6CFD82F-DF17-41C2-B9C8-0DDB1FA84E6B}.Debug|x64.ActiveCfg = Debug|Any CPU
		{D6CFD82F-DF17-41C2-B9C8-0DDB1FA84E6B}.Debug|x64.Build.0 = Debug|Any CPU
		{D6CFD82F-DF17-41C2-B9C8-0DDB1FA84E6B}.Debug|x86.ActiveCfg = Debug|Any CPU
		{D6CFD82F-DF17-41C2-B9C8-0DDB1FA84E6B}.Debug|x86.Build.0 = Debug|Any CPU
		{D6CFD82F-DF17-41C2-B9C8-0DDB1FA84E6B}.Release|Any CPU.ActiveCfg = Release|Any CPU
		{D6CFD82F-DF17-41C2-B9C8-0DDB1FA84E6B}.Release|Any CPU.Build.0 = Release|Any CPU
		{D6CFD82F-DF17-41C2-B9C8-0DDB1FA84E6B}.Release|x64.ActiveCfg = Release|Any CPU
		{D6CFD82F-DF17-41C2-B9C8-0DDB1FA84E6B}.Release|x64.Build.0 = Release|Any CPU
		{D6CFD82F-DF17-41C2-B9C8-0DDB1FA84E6B}.Release|x86.ActiveCfg = Release|Any CPU
		{D6CFD82F-DF17-41C2-B9C8-0DDB1FA84E6B}.Release|x86.Build.0 = Release|Any CPU
		{F74081FF-D4C3-453D-88A3-962AF69DFBE1}.Debug|Any CPU.ActiveCfg = Debug|Any CPU
		{F74081FF-D4C3-453D-88A3-962AF69DFBE1}.Debug|Any CPU.Build.0 = Debug|Any CPU
		{F74081FF-D4C3-453D-88A3-962AF69DFBE1}.Debug|x64.ActiveCfg = Debug|Any CPU
		{F74081FF-D4C3-453D-88A3-962AF69DFBE1}.Debug|x64.Build.0 = Debug|Any CPU
		{F74081FF-D4C3-453D-88A3-962AF69DFBE1}.Debug|x86.ActiveCfg = Debug|Any CPU
		{F74081FF-D4C3-453D-88A3-962AF69DFBE1}.Debug|x86.Build.0 = Debug|Any CPU
		{F74081FF-D4C3-453D-88A3-962AF69DFBE1}.Release|Any CPU.ActiveCfg = Release|Any CPU
		{F74081FF-D4C3-453D-88A3-962AF69DFBE1}.Release|Any CPU.Build.0 = Release|Any CPU
		{F74081FF-D4C3-453D-88A3-962AF69DFBE1}.Release|x64.ActiveCfg = Release|Any CPU
		{F74081FF-D4C3-453D-88A3-962AF69DFBE1}.Release|x64.Build.0 = Release|Any CPU
		{F74081FF-D4C3-453D-88A3-962AF69DFBE1}.Release|x86.ActiveCfg = Release|Any CPU
		{F74081FF-D4C3-453D-88A3-962AF69DFBE1}.Release|x86.Build.0 = Release|Any CPU
		{13157108-C835-45DC-A4BB-7CFCA81B06B5}.Debug|Any CPU.ActiveCfg = Debug|Any CPU
		{13157108-C835-45DC-A4BB-7CFCA81B06B5}.Debug|Any CPU.Build.0 = Debug|Any CPU
		{13157108-C835-45DC-A4BB-7CFCA81B06B5}.Debug|x64.ActiveCfg = Debug|Any CPU
		{13157108-C835-45DC-A4BB-7CFCA81B06B5}.Debug|x64.Build.0 = Debug|Any CPU
		{13157108-C835-45DC-A4BB-7CFCA81B06B5}.Debug|x86.ActiveCfg = Debug|Any CPU
		{13157108-C835-45DC-A4BB-7CFCA81B06B5}.Debug|x86.Build.0 = Debug|Any CPU
		{13157108-C835-45DC-A4BB-7CFCA81B06B5}.Release|Any CPU.ActiveCfg = Release|Any CPU
		{13157108-C835-45DC-A4BB-7CFCA81B06B5}.Release|Any CPU.Build.0 = Release|Any CPU
		{13157108-C835-45DC-A4BB-7CFCA81B06B5}.Release|x64.ActiveCfg = Release|Any CPU
		{13157108-C835-45DC-A4BB-7CFCA81B06B5}.Release|x64.Build.0 = Release|Any CPU
		{13157108-C835-45DC-A4BB-7CFCA81B06B5}.Release|x86.ActiveCfg = Release|Any CPU
		{13157108-C835-45DC-A4BB-7CFCA81B06B5}.Release|x86.Build.0 = Release|Any CPU
		{B18B51A4-D59A-4DD2-8622-FBDC12831851}.Debug|Any CPU.ActiveCfg = Debug|Any CPU
		{B18B51A4-D59A-4DD2-8622-FBDC12831851}.Debug|Any CPU.Build.0 = Debug|Any CPU
		{B18B51A4-D59A-4DD2-8622-FBDC12831851}.Debug|x64.ActiveCfg = Debug|Any CPU
		{B18B51A4-D59A-4DD2-8622-FBDC12831851}.Debug|x64.Build.0 = Debug|Any CPU
		{B18B51A4-D59A-4DD2-8622-FBDC12831851}.Debug|x86.ActiveCfg = Debug|Any CPU
		{B18B51A4-D59A-4DD2-8622-FBDC12831851}.Debug|x86.Build.0 = Debug|Any CPU
		{B18B51A4-D59A-4DD2-8622-FBDC12831851}.Release|Any CPU.ActiveCfg = Release|Any CPU
		{B18B51A4-D59A-4DD2-8622-FBDC12831851}.Release|Any CPU.Build.0 = Release|Any CPU
		{B18B51A4-D59A-4DD2-8622-FBDC12831851}.Release|x64.ActiveCfg = Release|Any CPU
		{B18B51A4-D59A-4DD2-8622-FBDC12831851}.Release|x64.Build.0 = Release|Any CPU
		{B18B51A4-D59A-4DD2-8622-FBDC12831851}.Release|x86.ActiveCfg = Release|Any CPU
		{B18B51A4-D59A-4DD2-8622-FBDC12831851}.Release|x86.Build.0 = Release|Any CPU
		{3A93D3FC-3BEC-4193-B54E-231DF0FADB50}.Debug|Any CPU.ActiveCfg = Debug|Any CPU
		{3A93D3FC-3BEC-4193-B54E-231DF0FADB50}.Debug|Any CPU.Build.0 = Debug|Any CPU
		{3A93D3FC-3BEC-4193-B54E-231DF0FADB50}.Debug|x64.ActiveCfg = Debug|Any CPU
		{3A93D3FC-3BEC-4193-B54E-231DF0FADB50}.Debug|x64.Build.0 = Debug|Any CPU
		{3A93D3FC-3BEC-4193-B54E-231DF0FADB50}.Debug|x86.ActiveCfg = Debug|Any CPU
		{3A93D3FC-3BEC-4193-B54E-231DF0FADB50}.Debug|x86.Build.0 = Debug|Any CPU
		{3A93D3FC-3BEC-4193-B54E-231DF0FADB50}.Release|Any CPU.ActiveCfg = Release|Any CPU
		{3A93D3FC-3BEC-4193-B54E-231DF0FADB50}.Release|Any CPU.Build.0 = Release|Any CPU
		{3A93D3FC-3BEC-4193-B54E-231DF0FADB50}.Release|x64.ActiveCfg = Release|Any CPU
		{3A93D3FC-3BEC-4193-B54E-231DF0FADB50}.Release|x64.Build.0 = Release|Any CPU
		{3A93D3FC-3BEC-4193-B54E-231DF0FADB50}.Release|x86.ActiveCfg = Release|Any CPU
		{3A93D3FC-3BEC-4193-B54E-231DF0FADB50}.Release|x86.Build.0 = Release|Any CPU
		{5FE3A6F5-C831-4EDB-A584-CA583C8F03BE}.Debug|Any CPU.ActiveCfg = Debug|Any CPU
		{5FE3A6F5-C831-4EDB-A584-CA583C8F03BE}.Debug|Any CPU.Build.0 = Debug|Any CPU
		{5FE3A6F5-C831-4EDB-A584-CA583C8F03BE}.Debug|x64.ActiveCfg = Debug|Any CPU
		{5FE3A6F5-C831-4EDB-A584-CA583C8F03BE}.Debug|x64.Build.0 = Debug|Any CPU
		{5FE3A6F5-C831-4EDB-A584-CA583C8F03BE}.Debug|x86.ActiveCfg = Debug|Any CPU
		{5FE3A6F5-C831-4EDB-A584-CA583C8F03BE}.Debug|x86.Build.0 = Debug|Any CPU
		{5FE3A6F5-C831-4EDB-A584-CA583C8F03BE}.Release|Any CPU.ActiveCfg = Release|Any CPU
		{5FE3A6F5-C831-4EDB-A584-CA583C8F03BE}.Release|Any CPU.Build.0 = Release|Any CPU
		{5FE3A6F5-C831-4EDB-A584-CA583C8F03BE}.Release|x64.ActiveCfg = Release|Any CPU
		{5FE3A6F5-C831-4EDB-A584-CA583C8F03BE}.Release|x64.Build.0 = Release|Any CPU
		{5FE3A6F5-C831-4EDB-A584-CA583C8F03BE}.Release|x86.ActiveCfg = Release|Any CPU
		{5FE3A6F5-C831-4EDB-A584-CA583C8F03BE}.Release|x86.Build.0 = Release|Any CPU
		{F0F431CB-0EA4-406C-A511-D69FCEC971DD}.Debug|Any CPU.ActiveCfg = Debug|Any CPU
		{F0F431CB-0EA4-406C-A511-D69FCEC971DD}.Debug|Any CPU.Build.0 = Debug|Any CPU
		{F0F431CB-0EA4-406C-A511-D69FCEC971DD}.Debug|x64.ActiveCfg = Debug|Any CPU
		{F0F431CB-0EA4-406C-A511-D69FCEC971DD}.Debug|x64.Build.0 = Debug|Any CPU
		{F0F431CB-0EA4-406C-A511-D69FCEC971DD}.Debug|x86.ActiveCfg = Debug|Any CPU
		{F0F431CB-0EA4-406C-A511-D69FCEC971DD}.Debug|x86.Build.0 = Debug|Any CPU
		{F0F431CB-0EA4-406C-A511-D69FCEC971DD}.Release|Any CPU.ActiveCfg = Release|Any CPU
		{F0F431CB-0EA4-406C-A511-D69FCEC971DD}.Release|Any CPU.Build.0 = Release|Any CPU
		{F0F431CB-0EA4-406C-A511-D69FCEC971DD}.Release|x64.ActiveCfg = Release|Any CPU
		{F0F431CB-0EA4-406C-A511-D69FCEC971DD}.Release|x64.Build.0 = Release|Any CPU
		{F0F431CB-0EA4-406C-A511-D69FCEC971DD}.Release|x86.ActiveCfg = Release|Any CPU
		{F0F431CB-0EA4-406C-A511-D69FCEC971DD}.Release|x86.Build.0 = Release|Any CPU
		{91DA5D11-C7B1-4E0A-A713-17D67E75919B}.Debug|Any CPU.ActiveCfg = Debug|Any CPU
		{91DA5D11-C7B1-4E0A-A713-17D67E75919B}.Debug|Any CPU.Build.0 = Debug|Any CPU
		{91DA5D11-C7B1-4E0A-A713-17D67E75919B}.Debug|x64.ActiveCfg = Debug|Any CPU
		{91DA5D11-C7B1-4E0A-A713-17D67E75919B}.Debug|x64.Build.0 = Debug|Any CPU
		{91DA5D11-C7B1-4E0A-A713-17D67E75919B}.Debug|x86.ActiveCfg = Debug|Any CPU
		{91DA5D11-C7B1-4E0A-A713-17D67E75919B}.Debug|x86.Build.0 = Debug|Any CPU
		{91DA5D11-C7B1-4E0A-A713-17D67E75919B}.Release|Any CPU.ActiveCfg = Release|Any CPU
		{91DA5D11-C7B1-4E0A-A713-17D67E75919B}.Release|Any CPU.Build.0 = Release|Any CPU
		{91DA5D11-C7B1-4E0A-A713-17D67E75919B}.Release|x64.ActiveCfg = Release|Any CPU
		{91DA5D11-C7B1-4E0A-A713-17D67E75919B}.Release|x64.Build.0 = Release|Any CPU
		{91DA5D11-C7B1-4E0A-A713-17D67E75919B}.Release|x86.ActiveCfg = Release|Any CPU
		{91DA5D11-C7B1-4E0A-A713-17D67E75919B}.Release|x86.Build.0 = Release|Any CPU
		{686B5D6E-5478-4196-921E-CDF81D8BB82F}.Debug|Any CPU.ActiveCfg = Debug|Any CPU
		{686B5D6E-5478-4196-921E-CDF81D8BB82F}.Debug|Any CPU.Build.0 = Debug|Any CPU
		{686B5D6E-5478-4196-921E-CDF81D8BB82F}.Debug|x64.ActiveCfg = Debug|Any CPU
		{686B5D6E-5478-4196-921E-CDF81D8BB82F}.Debug|x64.Build.0 = Debug|Any CPU
		{686B5D6E-5478-4196-921E-CDF81D8BB82F}.Debug|x86.ActiveCfg = Debug|Any CPU
		{686B5D6E-5478-4196-921E-CDF81D8BB82F}.Debug|x86.Build.0 = Debug|Any CPU
		{686B5D6E-5478-4196-921E-CDF81D8BB82F}.Release|Any CPU.ActiveCfg = Release|Any CPU
		{686B5D6E-5478-4196-921E-CDF81D8BB82F}.Release|Any CPU.Build.0 = Release|Any CPU
		{686B5D6E-5478-4196-921E-CDF81D8BB82F}.Release|x64.ActiveCfg = Release|Any CPU
		{686B5D6E-5478-4196-921E-CDF81D8BB82F}.Release|x64.Build.0 = Release|Any CPU
		{686B5D6E-5478-4196-921E-CDF81D8BB82F}.Release|x86.ActiveCfg = Release|Any CPU
		{686B5D6E-5478-4196-921E-CDF81D8BB82F}.Release|x86.Build.0 = Release|Any CPU
		{77EB4549-8948-48E6-85A4-62E85B5CFA80}.Debug|Any CPU.ActiveCfg = Debug|Any CPU
		{77EB4549-8948-48E6-85A4-62E85B5CFA80}.Debug|Any CPU.Build.0 = Debug|Any CPU
		{77EB4549-8948-48E6-85A4-62E85B5CFA80}.Debug|x64.ActiveCfg = Debug|Any CPU
		{77EB4549-8948-48E6-85A4-62E85B5CFA80}.Debug|x64.Build.0 = Debug|Any CPU
		{77EB4549-8948-48E6-85A4-62E85B5CFA80}.Debug|x86.ActiveCfg = Debug|Any CPU
		{77EB4549-8948-48E6-85A4-62E85B5CFA80}.Debug|x86.Build.0 = Debug|Any CPU
		{77EB4549-8948-48E6-85A4-62E85B5CFA80}.Release|Any CPU.ActiveCfg = Release|Any CPU
		{77EB4549-8948-48E6-85A4-62E85B5CFA80}.Release|Any CPU.Build.0 = Release|Any CPU
		{77EB4549-8948-48E6-85A4-62E85B5CFA80}.Release|x64.ActiveCfg = Release|Any CPU
		{77EB4549-8948-48E6-85A4-62E85B5CFA80}.Release|x64.Build.0 = Release|Any CPU
		{77EB4549-8948-48E6-85A4-62E85B5CFA80}.Release|x86.ActiveCfg = Release|Any CPU
		{77EB4549-8948-48E6-85A4-62E85B5CFA80}.Release|x86.Build.0 = Release|Any CPU
	EndGlobalSection
	GlobalSection(SolutionProperties) = preSolution
		HideSolutionNode = FALSE
	EndGlobalSection
	GlobalSection(NestedProjects) = preSolution
		{652A23CF-F5FA-4034-8C18-B08C9C037954} = {17ECD97A-E21B-4C6F-B9C9-8C82495EF2EB}
		{34F3122A-35AB-4FB5-A092-53CA51146DED} = {3BF98BA7-A574-4A68-8114-A7C1C1B5D896}
		{F9683180-9158-4F21-8747-3861EC1704BE} = {E49BD248-77BE-4B0A-99F0-699ADF52E7F0}
		{47DC023D-9BDF-4610-9499-0B138A403EB1} = {E49BD248-77BE-4B0A-99F0-699ADF52E7F0}
		{69249740-C485-406A-B0EA-EA2223B20441} = {E49BD248-77BE-4B0A-99F0-699ADF52E7F0}
		{1ED7360A-AA6A-4275-B07C-968FE7C0E4AF} = {875E7669-7A21-41B3-810D-60C9C6FF09CC}
		{4603DC64-36F7-422C-B388-D010C10CAC00} = {875E7669-7A21-41B3-810D-60C9C6FF09CC}
		{345CCA63-9F1B-4E08-AAA6-A5BCC5A2F447} = {4A5C9B22-8596-45F2-B824-04C1E6B15295}
		{BF0F2196-E050-49C2-8AF3-04958455E6D9} = {4A5C9B22-8596-45F2-B824-04C1E6B15295}
		{D6CFD82F-DF17-41C2-B9C8-0DDB1FA84E6B} = {4A5C9B22-8596-45F2-B824-04C1E6B15295}
		{F74081FF-D4C3-453D-88A3-962AF69DFBE1} = {875E7669-7A21-41B3-810D-60C9C6FF09CC}
		{13157108-C835-45DC-A4BB-7CFCA81B06B5} = {E49BD248-77BE-4B0A-99F0-699ADF52E7F0}
		{B18B51A4-D59A-4DD2-8622-FBDC12831851} = {875E7669-7A21-41B3-810D-60C9C6FF09CC}
		{3A93D3FC-3BEC-4193-B54E-231DF0FADB50} = {E49BD248-77BE-4B0A-99F0-699ADF52E7F0}
		{5FE3A6F5-C831-4EDB-A584-CA583C8F03BE} = {E49BD248-77BE-4B0A-99F0-699ADF52E7F0}
		{F0F431CB-0EA4-406C-A511-D69FCEC971DD} = {17ECD97A-E21B-4C6F-B9C9-8C82495EF2EB}
		{91DA5D11-C7B1-4E0A-A713-17D67E75919B} = {17ECD97A-E21B-4C6F-B9C9-8C82495EF2EB}
	EndGlobalSection
	GlobalSection(ExtensibilityGlobals) = postSolution
		SolutionGuid = {39DC6402-88B4-4CDA-A275-BD7FE4B80A8A}
	EndGlobalSection
EndGlobal
